// !$*UTF8*$!
{
	archiveVersion = 1;
	classes = {
	};
	objectVersion = 50;
	objects = {

/* Begin PBXBuildFile section */
		469A395626A19C21008DA881 /* Main.storyboard in Resources */ = {isa = PBXBuildFile; fileRef = 469A395526A19C21008DA881 /* Main.storyboard */; };
		469A395826A19D66008DA881 /* ViewController.swift in Sources */ = {isa = PBXBuildFile; fileRef = 469A395726A19D66008DA881 /* ViewController.swift */; };
		469A395B26A19E7D008DA881 /* Table.storyboard in Resources */ = {isa = PBXBuildFile; fileRef = 469A395A26A19E7D008DA881 /* Table.storyboard */; };
		469A395D26A1A082008DA881 /* TableViewController.swift in Sources */ = {isa = PBXBuildFile; fileRef = 469A395C26A1A082008DA881 /* TableViewController.swift */; };
		469A395F26A1A4C4008DA881 /* TableViewCell.swift in Sources */ = {isa = PBXBuildFile; fileRef = 469A395E26A1A4C4008DA881 /* TableViewCell.swift */; };
		469A396126A1B26A008DA881 /* PersonModel.swift in Sources */ = {isa = PBXBuildFile; fileRef = 469A396026A1B26A008DA881 /* PersonModel.swift */; };
		469A396326A1B31B008DA881 /* TableViewModel.swift in Sources */ = {isa = PBXBuildFile; fileRef = 469A396226A1B31B008DA881 /* TableViewModel.swift */; };
		FE0CB5F92661680100655C09 /* AppDelegate.swift in Sources */ = {isa = PBXBuildFile; fileRef = FE0CB5F82661680100655C09 /* AppDelegate.swift */; };
		FE0CB5FB2661680100655C09 /* SceneDelegate.swift in Sources */ = {isa = PBXBuildFile; fileRef = FE0CB5FA2661680100655C09 /* SceneDelegate.swift */; };
		FE0CB5FD2661680100655C09 /* LoginViewController.swift in Sources */ = {isa = PBXBuildFile; fileRef = FE0CB5FC2661680100655C09 /* LoginViewController.swift */; };
		FE0CB6002661680100655C09 /* Login.storyboard in Resources */ = {isa = PBXBuildFile; fileRef = FE0CB5FE2661680100655C09 /* Login.storyboard */; };
		FE0CB6022661680200655C09 /* Assets.xcassets in Resources */ = {isa = PBXBuildFile; fileRef = FE0CB6012661680200655C09 /* Assets.xcassets */; };
		FE0CB6052661680200655C09 /* LaunchScreen.storyboard in Resources */ = {isa = PBXBuildFile; fileRef = FE0CB6032661680200655C09 /* LaunchScreen.storyboard */; };
		FE55D4122662318C000F0890 /* UserModel.swift in Sources */ = {isa = PBXBuildFile; fileRef = FE55D4112662318C000F0890 /* UserModel.swift */; };
		FE55D415266231B9000F0890 /* ViewModel.swift in Sources */ = {isa = PBXBuildFile; fileRef = FE55D414266231B9000F0890 /* ViewModel.swift */; };
/* End PBXBuildFile section */

/* Begin PBXFileReference section */
		469A395526A19C21008DA881 /* Main.storyboard */ = {isa = PBXFileReference; lastKnownFileType = file.storyboard; path = Main.storyboard; sourceTree = "<group>"; };
		469A395726A19D66008DA881 /* ViewController.swift */ = {isa = PBXFileReference; lastKnownFileType = sourcecode.swift; path = ViewController.swift; sourceTree = "<group>"; };
		469A395A26A19E7D008DA881 /* Table.storyboard */ = {isa = PBXFileReference; lastKnownFileType = file.storyboard; path = Table.storyboard; sourceTree = "<group>"; };
		469A395C26A1A082008DA881 /* TableViewController.swift */ = {isa = PBXFileReference; lastKnownFileType = sourcecode.swift; path = TableViewController.swift; sourceTree = "<group>"; };
		469A395E26A1A4C4008DA881 /* TableViewCell.swift */ = {isa = PBXFileReference; lastKnownFileType = sourcecode.swift; path = TableViewCell.swift; sourceTree = "<group>"; };
		469A396026A1B26A008DA881 /* PersonModel.swift */ = {isa = PBXFileReference; lastKnownFileType = sourcecode.swift; path = PersonModel.swift; sourceTree = "<group>"; };
		469A396226A1B31B008DA881 /* TableViewModel.swift */ = {isa = PBXFileReference; lastKnownFileType = sourcecode.swift; path = TableViewModel.swift; sourceTree = "<group>"; };
		FE0CB5F52661680100655C09 /* MVVM.app */ = {isa = PBXFileReference; explicitFileType = wrapper.application; includeInIndex = 0; path = MVVM.app; sourceTree = BUILT_PRODUCTS_DIR; };
		FE0CB5F82661680100655C09 /* AppDelegate.swift */ = {isa = PBXFileReference; lastKnownFileType = sourcecode.swift; path = AppDelegate.swift; sourceTree = "<group>"; };
		FE0CB5FA2661680100655C09 /* SceneDelegate.swift */ = {isa = PBXFileReference; lastKnownFileType = sourcecode.swift; path = SceneDelegate.swift; sourceTree = "<group>"; };
		FE0CB5FC2661680100655C09 /* LoginViewController.swift */ = {isa = PBXFileReference; lastKnownFileType = sourcecode.swift; path = LoginViewController.swift; sourceTree = "<group>"; };
		FE0CB5FF2661680100655C09 /* Base */ = {isa = PBXFileReference; lastKnownFileType = file.storyboard; name = Base; path = Base.lproj/Login.storyboard; sourceTree = "<group>"; };
		FE0CB6012661680200655C09 /* Assets.xcassets */ = {isa = PBXFileReference; lastKnownFileType = folder.assetcatalog; path = Assets.xcassets; sourceTree = "<group>"; };
		FE0CB6042661680200655C09 /* Base */ = {isa = PBXFileReference; lastKnownFileType = file.storyboard; name = Base; path = Base.lproj/LaunchScreen.storyboard; sourceTree = "<group>"; };
		FE0CB6062661680200655C09 /* Info.plist */ = {isa = PBXFileReference; lastKnownFileType = text.plist.xml; path = Info.plist; sourceTree = "<group>"; };
		FE55D4112662318C000F0890 /* UserModel.swift */ = {isa = PBXFileReference; lastKnownFileType = sourcecode.swift; path = UserModel.swift; sourceTree = "<group>"; };
		FE55D414266231B9000F0890 /* ViewModel.swift */ = {isa = PBXFileReference; lastKnownFileType = sourcecode.swift; path = ViewModel.swift; sourceTree = "<group>"; };
/* End PBXFileReference section */

/* Begin PBXFrameworksBuildPhase section */
		FE0CB5F22661680100655C09 /* Frameworks */ = {
			isa = PBXFrameworksBuildPhase;
			buildActionMask = 2147483647;
			files = (
			);
			runOnlyForDeploymentPostprocessing = 0;
		};
/* End PBXFrameworksBuildPhase section */

/* Begin PBXGroup section */
		469A395426A19B89008DA881 /* Login */ = {
			isa = PBXGroup;
			children = (
				FE0CB5FE2661680100655C09 /* Login.storyboard */,
				FE0CB5FC2661680100655C09 /* LoginViewController.swift */,
				FE55D414266231B9000F0890 /* ViewModel.swift */,
				FE55D4112662318C000F0890 /* UserModel.swift */,
			);
			path = Login;
			sourceTree = "<group>";
		};
		469A395926A19E38008DA881 /* Table */ = {
			isa = PBXGroup;
			children = (
				469A395A26A19E7D008DA881 /* Table.storyboard */,
				469A395C26A1A082008DA881 /* TableViewController.swift */,
				469A395E26A1A4C4008DA881 /* TableViewCell.swift */,
				469A396026A1B26A008DA881 /* PersonModel.swift */,
				469A396226A1B31B008DA881 /* TableViewModel.swift */,
			);
			path = Table;
			sourceTree = "<group>";
		};
		FE0CB5EC2661680100655C09 = {
			isa = PBXGroup;
			children = (
				FE0CB5F72661680100655C09 /* MVVM */,
				FE0CB5F62661680100655C09 /* Products */,
			);
			sourceTree = "<group>";
		};
		FE0CB5F62661680100655C09 /* Products */ = {
			isa = PBXGroup;
			children = (
				FE0CB5F52661680100655C09 /* MVVM.app */,
			);
			name = Products;
			sourceTree = "<group>";
		};
		FE0CB5F72661680100655C09 /* MVVM */ = {
			isa = PBXGroup;
			children = (
				469A395426A19B89008DA881 /* Login */,
				469A395926A19E38008DA881 /* Table */,
				FE0CB5F82661680100655C09 /* AppDelegate.swift */,
				FE0CB5FA2661680100655C09 /* SceneDelegate.swift */,
				469A395726A19D66008DA881 /* ViewController.swift */,
				469A395526A19C21008DA881 /* Main.storyboard */,
				FE0CB6012661680200655C09 /* Assets.xcassets */,
				FE0CB6032661680200655C09 /* LaunchScreen.storyboard */,
				FE0CB6062661680200655C09 /* Info.plist */,
			);
			path = MVVM;
			sourceTree = "<group>";
		};
/* End PBXGroup section */

/* Begin PBXNativeTarget section */
		FE0CB5F42661680100655C09 /* MVVM */ = {
			isa = PBXNativeTarget;
			buildConfigurationList = FE0CB6092661680200655C09 /* Build configuration list for PBXNativeTarget "MVVM" */;
			buildPhases = (
				FE0CB5F12661680100655C09 /* Sources */,
				FE0CB5F22661680100655C09 /* Frameworks */,
				FE0CB5F32661680100655C09 /* Resources */,
			);
			buildRules = (
			);
			dependencies = (
			);
			name = MVVM;
			productName = MVVM;
			productReference = FE0CB5F52661680100655C09 /* MVVM.app */;
			productType = "com.apple.product-type.application";
		};
/* End PBXNativeTarget section */

/* Begin PBXProject section */
		FE0CB5ED2661680100655C09 /* Project object */ = {
			isa = PBXProject;
			attributes = {
				LastSwiftUpdateCheck = 1240;
				LastUpgradeCheck = 1240;
				TargetAttributes = {
					FE0CB5F42661680100655C09 = {
						CreatedOnToolsVersion = 12.4;
					};
				};
			};
			buildConfigurationList = FE0CB5F02661680100655C09 /* Build configuration list for PBXProject "MVVM" */;
			compatibilityVersion = "Xcode 9.3";
			developmentRegion = en;
			hasScannedForEncodings = 0;
			knownRegions = (
				en,
				Base,
			);
			mainGroup = FE0CB5EC2661680100655C09;
			productRefGroup = FE0CB5F62661680100655C09 /* Products */;
			projectDirPath = "";
			projectRoot = "";
			targets = (
				FE0CB5F42661680100655C09 /* MVVM */,
			);
		};
/* End PBXProject section */

/* Begin PBXResourcesBuildPhase section */
		FE0CB5F32661680100655C09 /* Resources */ = {
			isa = PBXResourcesBuildPhase;
			buildActionMask = 2147483647;
			files = (
				FE0CB6052661680200655C09 /* LaunchScreen.storyboard in Resources */,
				FE0CB6022661680200655C09 /* Assets.xcassets in Resources */,
				469A395B26A19E7D008DA881 /* Table.storyboard in Resources */,
				FE0CB6002661680100655C09 /* Login.storyboard in Resources */,
				469A395626A19C21008DA881 /* Main.storyboard in Resources */,
			);
			runOnlyForDeploymentPostprocessing = 0;
		};
/* End PBXResourcesBuildPhase section */

/* Begin PBXSourcesBuildPhase section */
		FE0CB5F12661680100655C09 /* Sources */ = {
			isa = PBXSourcesBuildPhase;
			buildActionMask = 2147483647;
			files = (
				469A395826A19D66008DA881 /* ViewController.swift in Sources */,
				469A396326A1B31B008DA881 /* TableViewModel.swift in Sources */,
				469A395F26A1A4C4008DA881 /* TableViewCell.swift in Sources */,
				469A395D26A1A082008DA881 /* TableViewController.swift in Sources */,
				FE55D415266231B9000F0890 /* ViewModel.swift in Sources */,
				FE0CB5FD2661680100655C09 /* LoginViewController.swift in Sources */,
				FE0CB5F92661680100655C09 /* AppDelegate.swift in Sources */,
				469A396126A1B26A008DA881 /* PersonModel.swift in Sources */,
				FE55D4122662318C000F0890 /* UserModel.swift in Sources */,
				FE0CB5FB2661680100655C09 /* SceneDelegate.swift in Sources */,
			);
			runOnlyForDeploymentPostprocessing = 0;
		};
/* End PBXSourcesBuildPhase section */

/* Begin PBXVariantGroup section */
		FE0CB5FE2661680100655C09 /* Login.storyboard */ = {
			isa = PBXVariantGroup;
			children = (
				FE0CB5FF2661680100655C09 /* Base */,
			);
			name = Login.storyboard;
			sourceTree = "<group>";
		};
		FE0CB6032661680200655C09 /* LaunchScreen.storyboard */ = {
			isa = PBXVariantGroup;
			children = (
				FE0CB6042661680200655C09 /* Base */,
			);
			name = LaunchScreen.storyboard;
			sourceTree = "<group>";
		};
/* End PBXVariantGroup section */

/* Begin XCBuildConfiguration section */
		FE0CB6072661680200655C09 /* Debug */ = {
			isa = XCBuildConfiguration;
			buildSettings = {
				ALWAYS_SEARCH_USER_PATHS = NO;
				CLANG_ANALYZER_NONNULL = YES;
				CLANG_ANALYZER_NUMBER_OBJECT_CONVERSION = YES_AGGRESSIVE;
				CLANG_CXX_LANGUAGE_STANDARD = "gnu++14";
				CLANG_CXX_LIBRARY = "libc++";
				CLANG_ENABLE_MODULES = YES;
				CLANG_ENABLE_OBJC_ARC = YES;
				CLANG_ENABLE_OBJC_WEAK = YES;
				CLANG_WARN_BLOCK_CAPTURE_AUTORELEASING = YES;
				CLANG_WARN_BOOL_CONVERSION = YES;
				CLANG_WARN_COMMA = YES;
				CLANG_WARN_CONSTANT_CONVERSION = YES;
				CLANG_WARN_DEPRECATED_OBJC_IMPLEMENTATIONS = YES;
				CLANG_WARN_DIRECT_OBJC_ISA_USAGE = YES_ERROR;
				CLANG_WARN_DOCUMENTATION_COMMENTS = YES;
				CLANG_WARN_EMPTY_BODY = YES;
				CLANG_WARN_ENUM_CONVERSION = YES;
				CLANG_WARN_INFINITE_RECURSION = YES;
				CLANG_WARN_INT_CONVERSION = YES;
				CLANG_WARN_NON_LITERAL_NULL_CONVERSION = YES;
				CLANG_WARN_OBJC_IMPLICIT_RETAIN_SELF = YES;
				CLANG_WARN_OBJC_LITERAL_CONVERSION = YES;
				CLANG_WARN_OBJC_ROOT_CLASS = YES_ERROR;
				CLANG_WARN_QUOTED_INCLUDE_IN_FRAMEWORK_HEADER = YES;
				CLANG_WARN_RANGE_LOOP_ANALYSIS = YES;
				CLANG_WARN_STRICT_PROTOTYPES = YES;
				CLANG_WARN_SUSPICIOUS_MOVE = YES;
				CLANG_WARN_UNGUARDED_AVAILABILITY = YES_AGGRESSIVE;
				CLANG_WARN_UNREACHABLE_CODE = YES;
				CLANG_WARN__DUPLICATE_METHOD_MATCH = YES;
				COPY_PHASE_STRIP = NO;
				DEBUG_INFORMATION_FORMAT = dwarf;
				ENABLE_STRICT_OBJC_MSGSEND = YES;
				ENABLE_TESTABILITY = YES;
				GCC_C_LANGUAGE_STANDARD = gnu11;
				GCC_DYNAMIC_NO_PIC = NO;
				GCC_NO_COMMON_BLOCKS = YES;
				GCC_OPTIMIZATION_LEVEL = 0;
				GCC_PREPROCESSOR_DEFINITIONS = (
					"DEBUG=1",
					"$(inherited)",
				);
				GCC_WARN_64_TO_32_BIT_CONVERSION = YES;
				GCC_WARN_ABOUT_RETURN_TYPE = YES_ERROR;
				GCC_WARN_UNDECLARED_SELECTOR = YES;
				GCC_WARN_UNINITIALIZED_AUTOS = YES_AGGRESSIVE;
				GCC_WARN_UNUSED_FUNCTION = YES;
				GCC_WARN_UNUSED_VARIABLE = YES;
				IPHONEOS_DEPLOYMENT_TARGET = 14.4;
				MTL_ENABLE_DEBUG_INFO = INCLUDE_SOURCE;
				MTL_FAST_MATH = YES;
				ONLY_ACTIVE_ARCH = YES;
				SDKROOT = iphoneos;
				SWIFT_ACTIVE_COMPILATION_CONDITIONS = DEBUG;
				SWIFT_OPTIMIZATION_LEVEL = "-Onone";
			};
			name = Debug;
		};
		FE0CB6082661680200655C09 /* Release */ = {
			isa = XCBuildConfiguration;
			buildSettings = {
				ALWAYS_SEARCH_USER_PATHS = NO;
				CLANG_ANALYZER_NONNULL = YES;
				CLANG_ANALYZER_NUMBER_OBJECT_CONVERSION = YES_AGGRESSIVE;
				CLANG_CXX_LANGUAGE_STANDARD = "gnu++14";
				CLANG_CXX_LIBRARY = "libc++";
				CLANG_ENABLE_MODULES = YES;
				CLANG_ENABLE_OBJC_ARC = YES;
				CLANG_ENABLE_OBJC_WEAK = YES;
				CLANG_WARN_BLOCK_CAPTURE_AUTORELEASING = YES;
				CLANG_WARN_BOOL_CONVERSION = YES;
				CLANG_WARN_COMMA = YES;
				CLANG_WARN_CONSTANT_CONVERSION = YES;
				CLANG_WARN_DEPRECATED_OBJC_IMPLEMENTATIONS = YES;
				CLANG_WARN_DIRECT_OBJC_ISA_USAGE = YES_ERROR;
				CLANG_WARN_DOCUMENTATION_COMMENTS = YES;
				CLANG_WARN_EMPTY_BODY = YES;
				CLANG_WARN_ENUM_CONVERSION = YES;
				CLANG_WARN_INFINITE_RECURSION = YES;
				CLANG_WARN_INT_CONVERSION = YES;
				CLANG_WARN_NON_LITERAL_NULL_CONVERSION = YES;
				CLANG_WARN_OBJC_IMPLICIT_RETAIN_SELF = YES;
				CLANG_WARN_OBJC_LITERAL_CONVERSION = YES;
				CLANG_WARN_OBJC_ROOT_CLASS = YES_ERROR;
				CLANG_WARN_QUOTED_INCLUDE_IN_FRAMEWORK_HEADER = YES;
				CLANG_WARN_RANGE_LOOP_ANALYSIS = YES;
				CLANG_WARN_STRICT_PROTOTYPES = YES;
				CLANG_WARN_SUSPICIOUS_MOVE = YES;
				CLANG_WARN_UNGUARDED_AVAILABILITY = YES_AGGRESSIVE;
				CLANG_WARN_UNREACHABLE_CODE = YES;
				CLANG_WARN__DUPLICATE_METHOD_MATCH = YES;
				COPY_PHASE_STRIP = NO;
				DEBUG_INFORMATION_FORMAT = "dwarf-with-dsym";
				ENABLE_NS_ASSERTIONS = NO;
				ENABLE_STRICT_OBJC_MSGSEND = YES;
				GCC_C_LANGUAGE_STANDARD = gnu11;
				GCC_NO_COMMON_BLOCKS = YES;
				GCC_WARN_64_TO_32_BIT_CONVERSION = YES;
				GCC_WARN_ABOUT_RETURN_TYPE = YES_ERROR;
				GCC_WARN_UNDECLARED_SELECTOR = YES;
				GCC_WARN_UNINITIALIZED_AUTOS = YES_AGGRESSIVE;
				GCC_WARN_UNUSED_FUNCTION = YES;
				GCC_WARN_UNUSED_VARIABLE = YES;
				IPHONEOS_DEPLOYMENT_TARGET = 14.4;
				MTL_ENABLE_DEBUG_INFO = NO;
				MTL_FAST_MATH = YES;
				SDKROOT = iphoneos;
				SWIFT_COMPILATION_MODE = wholemodule;
				SWIFT_OPTIMIZATION_LEVEL = "-O";
				VALIDATE_PRODUCT = YES;
			};
			name = Release;
		};
		FE0CB60A2661680200655C09 /* Debug */ = {
			isa = XCBuildConfiguration;
			buildSettings = {
				ASSETCATALOG_COMPILER_APPICON_NAME = AppIcon;
				ASSETCATALOG_COMPILER_GLOBAL_ACCENT_COLOR_NAME = AccentColor;
				CODE_SIGN_STYLE = Automatic;
				INFOPLIST_FILE = MVVM/Info.plist;
				LD_RUNPATH_SEARCH_PATHS = (
					"$(inherited)",
					"@executable_path/Frameworks",
				);
				PRODUCT_BUNDLE_IDENTIFIER = somsak.MVVM;
				PRODUCT_NAME = "$(TARGET_NAME)";
				SWIFT_VERSION = 5.0;
				TARGETED_DEVICE_FAMILY = "1,2";
			};
			name = Debug;
		};
		FE0CB60B2661680200655C09 /* Release */ = {
			isa = XCBuildConfiguration;
			buildSettings = {
				ASSETCATALOG_COMPILER_APPICON_NAME = AppIcon;
				ASSETCATALOG_COMPILER_GLOBAL_ACCENT_COLOR_NAME = AccentColor;
				CODE_SIGN_STYLE = Automatic;
				INFOPLIST_FILE = MVVM/Info.plist;
				LD_RUNPATH_SEARCH_PATHS = (
					"$(inherited)",
					"@executable_path/Frameworks",
				);
				PRODUCT_BUNDLE_IDENTIFIER = somsak.MVVM;
				PRODUCT_NAME = "$(TARGET_NAME)";
				SWIFT_VERSION = 5.0;
				TARGETED_DEVICE_FAMILY = "1,2";
			};
			name = Release;
		};
/* End XCBuildConfiguration section */

/* Begin XCConfigurationList section */
		FE0CB5F02661680100655C09 /* Build configuration list for PBXProject "MVVM" */ = {
			isa = XCConfigurationList;
			buildConfigurations = (
				FE0CB6072661680200655C09 /* Debug */,
				FE0CB6082661680200655C09 /* Release */,
			);
			defaultConfigurationIsVisible = 0;
			defaultConfigurationName = Release;
		};
		FE0CB6092661680200655C09 /* Build configuration list for PBXNativeTarget "MVVM" */ = {
			isa = XCConfigurationList;
			buildConfigurations = (
				FE0CB60A2661680200655C09 /* Debug */,
				FE0CB60B2661680200655C09 /* Release */,
			);
			defaultConfigurationIsVisible = 0;
			defaultConfigurationName = Release;
		};
/* End XCConfigurationList section */
	};
	rootObject = FE0CB5ED2661680100655C09 /* Project object */;
}
